
Microsoft Visual Studio Solution File, Format Version 12.00
# Visual Studio 15
VisualStudioVersion = 15.0.28307.1000
MinimumVisualStudioVersion = 10.0.40219.1
Project("{FAE04EC0-301F-11D3-BF4B-00C04F79EFBC}") = "JasminIntegrationSample", "JasminIntegrationSample\JasminIntegrationSample.csproj", "{A5978DD4-141F-43A0-9A3A-FA1BBEA44AB9}"
EndProject
Global
	GlobalSection(SolutionConfigurationPlatforms) = preSolution
		Debug|Any CPU = Debug|Any CPU
		Release|Any CPU = Release|Any CPU
	EndGlobalSection
	GlobalSection(ProjectConfigurationPlatforms) = postSolution
		{A5978DD4-141F-43A0-9A3A-FA1BBEA44AB9}.Debug|Any CPU.ActiveCfg = Debug|Any CPU
		{A5978DD4-141F-43A0-9A3A-FA1BBEA44AB9}.Debug|Any CPU.Build.0 = Debug|Any CPU
		{A5978DD4-141F-43A0-9A3A-FA1BBEA44AB9}.Release|Any CPU.ActiveCfg = Release|Any CPU
		{A5978DD4-141F-43A0-9A3A-FA1BBEA44AB9}.Release|Any CPU.Build.0 = Release|Any CPU
	EndGlobalSection
	GlobalSection(SolutionProperties) = preSolution
		HideSolutionNode = FALSE
	EndGlobalSection
	GlobalSection(ExtensibilityGlobals) = postSolution
		SolutionGuid = {E20F68F1-11E6-450C-87C6-3D683D8697FF}
	EndGlobalSection
	GlobalSection(TeamFoundationVersionControl) = preSolution
		SccNumberOfProjects = 2
		SccEnterpriseProvider = {4CA58AB2-18FA-4F8D-95D4-32DDF27D184C}
		SccTeamFoundationServer = https://tfs.primaverabss.com/tfs/p.tec.elevation
		SccLocalPath0 = .
		SccProjectUniqueName1 = JasminIntegrationSample\\JasminIntegrationSample.csproj
		SccProjectName1 = JasminIntegrationSample
		SccLocalPath1 = JasminIntegrationSample
	EndGlobalSection
EndGlobal
